
Microsoft Visual Studio Solution File, Format Version 12.00
# Visual Studio Version 17
VisualStudioVersion = 17.4.33213.308
MinimumVisualStudioVersion = 10.0.40219.1
Project("{FAE04EC0-301F-11D3-BF4B-00C04F79EFBC}") = "Deliverable_3_Iterative_Statements", "Deliverable_3_Iterative_Statements\Deliverable_3_Iterative_Statements.csproj", "{70C3E165-DC12-440A-8364-A216F73907C4}"
EndProject
Global
	GlobalSection(SolutionConfigurationPlatforms) = preSolution
		Debug|Any CPU = Debug|Any CPU
		Release|Any CPU = Release|Any CPU
	EndGlobalSection
	GlobalSection(ProjectConfigurationPlatforms) = postSolution
		{70C3E165-DC12-440A-8364-A216F73907C4}.Debug|Any CPU.ActiveCfg = Debug|Any CPU
		{70C3E165-DC12-440A-8364-A216F73907C4}.Debug|Any CPU.Build.0 = Debug|Any CPU
		{70C3E165-DC12-440A-8364-A216F73907C4}.Release|Any CPU.ActiveCfg = Release|Any CPU
		{70C3E165-DC12-440A-8364-A216F73907C4}.Release|Any CPU.Build.0 = Release|Any CPU
	EndGlobalSection
	GlobalSection(SolutionProperties) = preSolution
		HideSolutionNode = FALSE
	EndGlobalSection
	GlobalSection(ExtensibilityGlobals) = postSolution
		SolutionGuid = {81AE0F85-0A6D-4C2C-A028-151510B7A572}
	EndGlobalSection
EndGlobal
